
Microsoft Visual Studio Solution File, Format Version 12.00
# Visual Studio Version 16
VisualStudioVersion = 16.0.29613.14
MinimumVisualStudioVersion = 10.0.40219.1
Project("{FAE04EC0-301F-11D3-BF4B-00C04F79EFBC}") = "WebService.asmx", "WebService.asmx\WebService.asmx.csproj", "{93F50505-7FEE-47EF-9E49-CB7712FB565B}"
EndProject
Global
	GlobalSection(SolutionConfigurationPlatforms) = preSolution
		Debug|Any CPU = Debug|Any CPU
		Release|Any CPU = Release|Any CPU
	EndGlobalSection
	GlobalSection(ProjectConfigurationPlatforms) = postSolution
		{93F50505-7FEE-47EF-9E49-CB7712FB565B}.Debug|Any CPU.ActiveCfg = Debug|Any CPU
		{93F50505-7FEE-47EF-9E49-CB7712FB565B}.Debug|Any CPU.Build.0 = Debug|Any CPU
		{93F50505-7FEE-47EF-9E49-CB7712FB565B}.Release|Any CPU.ActiveCfg = Release|Any CPU
		{93F50505-7FEE-47EF-9E49-CB7712FB565B}.Release|Any CPU.Build.0 = Release|Any CPU
	EndGlobalSection
	GlobalSection(SolutionProperties) = preSolution
		HideSolutionNode = FALSE
	EndGlobalSection
	GlobalSection(ExtensibilityGlobals) = postSolution
		SolutionGuid = {2C0A10F3-0508-413F-84D3-805FF0955357}
	EndGlobalSection
EndGlobal
